
Microsoft Visual Studio Solution File, Format Version 12.00
# Visual Studio Version 17
VisualStudioVersion = 17.3.32811.315
MinimumVisualStudioVersion = 10.0.40219.1
Project("{FAE04EC0-301F-11D3-BF4B-00C04F79EFBC}") = "Personel_Kayit", "Personel_Kayit\Personel_Kayit.csproj", "{397A19C6-CC3C-4E5A-9BFB-8B569B6BA300}"
EndProject
Global
	GlobalSection(SolutionConfigurationPlatforms) = preSolution
		Debug|Any CPU = Debug|Any CPU
		Release|Any CPU = Release|Any CPU
	EndGlobalSection
	GlobalSection(ProjectConfigurationPlatforms) = postSolution
		{397A19C6-CC3C-4E5A-9BFB-8B569B6BA300}.Debug|Any CPU.ActiveCfg = Debug|Any CPU
		{397A19C6-CC3C-4E5A-9BFB-8B569B6BA300}.Debug|Any CPU.Build.0 = Debug|Any CPU
		{397A19C6-CC3C-4E5A-9BFB-8B569B6BA300}.Release|Any CPU.ActiveCfg = Release|Any CPU
		{397A19C6-CC3C-4E5A-9BFB-8B569B6BA300}.Release|Any CPU.Build.0 = Release|Any CPU
	EndGlobalSection
	GlobalSection(SolutionProperties) = preSolution
		HideSolutionNode = FALSE
	EndGlobalSection
	GlobalSection(ExtensibilityGlobals) = postSolution
		SolutionGuid = {AB367CCE-CA8C-434A-A313-D3A0E369A3BA}
	EndGlobalSection
EndGlobal
